
Microsoft Visual Studio Solution File, Format Version 12.00
# Visual Studio Version 16
VisualStudioVersion = 16.0.29306.81
MinimumVisualStudioVersion = 10.0.40219.1
Project("{F184B08F-C81C-45F6-A57F-5ABD9991F28F}") = "RainerClampConfigurator", "RainerClampConfigurator\RainerClampConfigurator.vbproj", "{DF59A0CD-DD81-4F49-927D-7127BC24D773}"
EndProject
Global
	GlobalSection(SolutionConfigurationPlatforms) = preSolution
		Debug|Any CPU = Debug|Any CPU
		Release|Any CPU = Release|Any CPU
	EndGlobalSection
	GlobalSection(ProjectConfigurationPlatforms) = postSolution
		{DF59A0CD-DD81-4F49-927D-7127BC24D773}.Debug|Any CPU.ActiveCfg = Debug|Any CPU
		{DF59A0CD-DD81-4F49-927D-7127BC24D773}.Debug|Any CPU.Build.0 = Debug|Any CPU
		{DF59A0CD-DD81-4F49-927D-7127BC24D773}.Release|Any CPU.ActiveCfg = Release|Any CPU
		{DF59A0CD-DD81-4F49-927D-7127BC24D773}.Release|Any CPU.Build.0 = Release|Any CPU
	EndGlobalSection
	GlobalSection(SolutionProperties) = preSolution
		HideSolutionNode = FALSE
	EndGlobalSection
	GlobalSection(ExtensibilityGlobals) = postSolution
		SolutionGuid = {625413B9-6857-4D84-B732-E37A8EE482E6}
	EndGlobalSection
EndGlobal
